// !$*UTF8*$!
{
	archiveVersion = 1;
	classes = {
	};
	objectVersion = 50;
	objects = {

/* Begin PBXBuildFile section */
		A25D836726735CA1005BCB29 /* appstore.png in Resources */ = {isa = PBXBuildFile; fileRef = A25D836626735CA1005BCB29 /* appstore.png */; };
		A25D836926735E5C005BCB29 /* Data.swift in Sources */ = {isa = PBXBuildFile; fileRef = A25D836826735E5C005BCB29 /* Data.swift */; };
		A25D836B26735E7E005BCB29 /* ChatMessage.swift in Sources */ = {isa = PBXBuildFile; fileRef = A25D836A26735E7E005BCB29 /* ChatMessage.swift */; };
		A25D836D26735EA9005BCB29 /* DateLabelHeader.swift in Sources */ = {isa = PBXBuildFile; fileRef = A25D836C26735EA9005BCB29 /* DateLabelHeader.swift */; };
		A25D836F2673623B005BCB29 /* Date+Extension.swift in Sources */ = {isa = PBXBuildFile; fileRef = A25D836E2673623B005BCB29 /* Date+Extension.swift */; };
		A25D837126736250005BCB29 /* DateFormmater+Extension.swift in Sources */ = {isa = PBXBuildFile; fileRef = A25D837026736250005BCB29 /* DateFormmater+Extension.swift */; };
		A2ACE2B12679096800E1AB68 /* UIView+Extension.swift in Sources */ = {isa = PBXBuildFile; fileRef = A2ACE2B02679096800E1AB68 /* UIView+Extension.swift */; };
		A2ACE2B326790F2000E1AB68 /* UIViewController+Extension.swift in Sources */ = {isa = PBXBuildFile; fileRef = A2ACE2B226790F2000E1AB68 /* UIViewController+Extension.swift */; };
		A2EA5BD0267893780067AAF9 /* InputMessageBar.swift in Sources */ = {isa = PBXBuildFile; fileRef = A2EA5BCF267893780067AAF9 /* InputMessageBar.swift */; };
		A2EA5BD2267893CE0067AAF9 /* MessageTextView.swift in Sources */ = {isa = PBXBuildFile; fileRef = A2EA5BD1267893CE0067AAF9 /* MessageTextView.swift */; };
		A2ED8B4326721A2A00BDBB5A /* AppDelegate.swift in Sources */ = {isa = PBXBuildFile; fileRef = A2ED8B4226721A2A00BDBB5A /* AppDelegate.swift */; };
		A2ED8B4726721A2A00BDBB5A /* ChatViewController.swift in Sources */ = {isa = PBXBuildFile; fileRef = A2ED8B4626721A2A00BDBB5A /* ChatViewController.swift */; };
		A2ED8B4A26721A2A00BDBB5A /* Main.storyboard in Resources */ = {isa = PBXBuildFile; fileRef = A2ED8B4826721A2A00BDBB5A /* Main.storyboard */; };
		A2ED8B4C26721A2C00BDBB5A /* Assets.xcassets in Resources */ = {isa = PBXBuildFile; fileRef = A2ED8B4B26721A2C00BDBB5A /* Assets.xcassets */; };
		A2ED8B4F26721A2C00BDBB5A /* LaunchScreen.storyboard in Resources */ = {isa = PBXBuildFile; fileRef = A2ED8B4D26721A2C00BDBB5A /* LaunchScreen.storyboard */; };
		A2ED8B5726721DBE00BDBB5A /* CharMessageCell.swift in Sources */ = {isa = PBXBuildFile; fileRef = A2ED8B5626721DBE00BDBB5A /* CharMessageCell.swift */; };
/* End PBXBuildFile section */

/* Begin PBXFileReference section */
		A25D836626735CA1005BCB29 /* appstore.png */ = {isa = PBXFileReference; lastKnownFileType = image.png; path = appstore.png; sourceTree = "<group>"; };
		A25D836826735E5C005BCB29 /* Data.swift */ = {isa = PBXFileReference; lastKnownFileType = sourcecode.swift; path = Data.swift; sourceTree = "<group>"; };
		A25D836A26735E7E005BCB29 /* ChatMessage.swift */ = {isa = PBXFileReference; lastKnownFileType = sourcecode.swift; path = ChatMessage.swift; sourceTree = "<group>"; };
		A25D836C26735EA9005BCB29 /* DateLabelHeader.swift */ = {isa = PBXFileReference; lastKnownFileType = sourcecode.swift; path = DateLabelHeader.swift; sourceTree = "<group>"; };
		A25D836E2673623B005BCB29 /* Date+Extension.swift */ = {isa = PBXFileReference; lastKnownFileType = sourcecode.swift; path = "Date+Extension.swift"; sourceTree = "<group>"; };
		A25D837026736250005BCB29 /* DateFormmater+Extension.swift */ = {isa = PBXFileReference; lastKnownFileType = sourcecode.swift; path = "DateFormmater+Extension.swift"; sourceTree = "<group>"; };
		A2ACE2B02679096800E1AB68 /* UIView+Extension.swift */ = {isa = PBXFileReference; lastKnownFileType = sourcecode.swift; path = "UIView+Extension.swift"; sourceTree = "<group>"; };
		A2ACE2B226790F2000E1AB68 /* UIViewController+Extension.swift */ = {isa = PBXFileReference; lastKnownFileType = sourcecode.swift; path = "UIViewController+Extension.swift"; sourceTree = "<group>"; };
		A2EA5BCF267893780067AAF9 /* InputMessageBar.swift */ = {isa = PBXFileReference; lastKnownFileType = sourcecode.swift; path = InputMessageBar.swift; sourceTree = "<group>"; };
		A2EA5BD1267893CE0067AAF9 /* MessageTextView.swift */ = {isa = PBXFileReference; lastKnownFileType = sourcecode.swift; path = MessageTextView.swift; sourceTree = "<group>"; };
		A2ED8B3F26721A2A00BDBB5A /* Chat.app */ = {isa = PBXFileReference; explicitFileType = wrapper.application; includeInIndex = 0; path = Chat.app; sourceTree = BUILT_PRODUCTS_DIR; };
		A2ED8B4226721A2A00BDBB5A /* AppDelegate.swift */ = {isa = PBXFileReference; lastKnownFileType = sourcecode.swift; path = AppDelegate.swift; sourceTree = "<group>"; };
		A2ED8B4626721A2A00BDBB5A /* ChatViewController.swift */ = {isa = PBXFileReference; lastKnownFileType = sourcecode.swift; path = ChatViewController.swift; sourceTree = "<group>"; };
		A2ED8B4926721A2A00BDBB5A /* Base */ = {isa = PBXFileReference; lastKnownFileType = file.storyboard; name = Base; path = Base.lproj/Main.storyboard; sourceTree = "<group>"; };
		A2ED8B4B26721A2C00BDBB5A /* Assets.xcassets */ = {isa = PBXFileReference; lastKnownFileType = folder.assetcatalog; path = Assets.xcassets; sourceTree = "<group>"; };
		A2ED8B4E26721A2C00BDBB5A /* Base */ = {isa = PBXFileReference; lastKnownFileType = file.storyboard; name = Base; path = Base.lproj/LaunchScreen.storyboard; sourceTree = "<group>"; };
		A2ED8B5026721A2C00BDBB5A /* Info.plist */ = {isa = PBXFileReference; lastKnownFileType = text.plist.xml; path = Info.plist; sourceTree = "<group>"; };
		A2ED8B5626721DBE00BDBB5A /* CharMessageCell.swift */ = {isa = PBXFileReference; lastKnownFileType = sourcecode.swift; path = CharMessageCell.swift; sourceTree = "<group>"; };
/* End PBXFileReference section */

/* Begin PBXFrameworksBuildPhase section */
		A2ED8B3C26721A2A00BDBB5A /* Frameworks */ = {
			isa = PBXFrameworksBuildPhase;
			buildActionMask = 2147483647;
			files = (
			);
			runOnlyForDeploymentPostprocessing = 0;
		};
/* End PBXFrameworksBuildPhase section */

/* Begin PBXGroup section */
		A25D837226736274005BCB29 /* Extensions */ = {
			isa = PBXGroup;
			children = (
				A25D836E2673623B005BCB29 /* Date+Extension.swift */,
				A25D837026736250005BCB29 /* DateFormmater+Extension.swift */,
				A2ACE2B02679096800E1AB68 /* UIView+Extension.swift */,
				A2ACE2B226790F2000E1AB68 /* UIViewController+Extension.swift */,
			);
			path = Extensions;
			sourceTree = "<group>";
		};
		A25D83732673627E005BCB29 /* Model */ = {
			isa = PBXGroup;
			children = (
				A25D836A26735E7E005BCB29 /* ChatMessage.swift */,
			);
			path = Model;
			sourceTree = "<group>";
		};
		A25D83742673628C005BCB29 /* Chat */ = {
			isa = PBXGroup;
			children = (
				A2ED8B4626721A2A00BDBB5A /* ChatViewController.swift */,
				A2ED8B5626721DBE00BDBB5A /* CharMessageCell.swift */,
				A25D836C26735EA9005BCB29 /* DateLabelHeader.swift */,
				A2EA5BD42678ADBE0067AAF9 /* Message Bar */,
			);
			path = Chat;
			sourceTree = "<group>";
		};
		A2EA5BD42678ADBE0067AAF9 /* Message Bar */ = {
			isa = PBXGroup;
			children = (
				A2EA5BCF267893780067AAF9 /* InputMessageBar.swift */,
				A2EA5BD1267893CE0067AAF9 /* MessageTextView.swift */,
			);
			path = "Message Bar";
			sourceTree = "<group>";
		};
		A2ED8B3626721A2A00BDBB5A = {
			isa = PBXGroup;
			children = (
				A25D836626735CA1005BCB29 /* appstore.png */,
				A2ED8B4126721A2A00BDBB5A /* Chat */,
				A2ED8B4026721A2A00BDBB5A /* Products */,
			);
			sourceTree = "<group>";
		};
		A2ED8B4026721A2A00BDBB5A /* Products */ = {
			isa = PBXGroup;
			children = (
				A2ED8B3F26721A2A00BDBB5A /* Chat.app */,
			);
			name = Products;
			sourceTree = "<group>";
		};
		A2ED8B4126721A2A00BDBB5A /* Chat */ = {
			isa = PBXGroup;
			children = (
				A25D836826735E5C005BCB29 /* Data.swift */,
				A25D83742673628C005BCB29 /* Chat */,
				A25D83732673627E005BCB29 /* Model */,
				A25D837226736274005BCB29 /* Extensions */,
				A2ED8B4226721A2A00BDBB5A /* AppDelegate.swift */,
				A2ED8B4826721A2A00BDBB5A /* Main.storyboard */,
				A2ED8B4D26721A2C00BDBB5A /* LaunchScreen.storyboard */,
				A2ED8B4B26721A2C00BDBB5A /* Assets.xcassets */,
				A2ED8B5026721A2C00BDBB5A /* Info.plist */,
			);
			path = Chat;
			sourceTree = "<group>";
		};
/* End PBXGroup section */

/* Begin PBXNativeTarget section */
		A2ED8B3E26721A2A00BDBB5A /* Chat */ = {
			isa = PBXNativeTarget;
			buildConfigurationList = A2ED8B5326721A2C00BDBB5A /* Build configuration list for PBXNativeTarget "Chat" */;
			buildPhases = (
				A2ED8B3B26721A2A00BDBB5A /* Sources */,
				A2ED8B3C26721A2A00BDBB5A /* Frameworks */,
				A2ED8B3D26721A2A00BDBB5A /* Resources */,
			);
			buildRules = (
			);
			dependencies = (
			);
			name = Chat;
			productName = Chat;
			productReference = A2ED8B3F26721A2A00BDBB5A /* Chat.app */;
			productType = "com.apple.product-type.application";
		};
/* End PBXNativeTarget section */

/* Begin PBXProject section */
		A2ED8B3726721A2A00BDBB5A /* Project object */ = {
			isa = PBXProject;
			attributes = {
				LastSwiftUpdateCheck = 1250;
				LastUpgradeCheck = 1250;
				TargetAttributes = {
					A2ED8B3E26721A2A00BDBB5A = {
						CreatedOnToolsVersion = 12.5;
					};
				};
			};
			buildConfigurationList = A2ED8B3A26721A2A00BDBB5A /* Build configuration list for PBXProject "Chat" */;
			compatibilityVersion = "Xcode 9.3";
			developmentRegion = en;
			hasScannedForEncodings = 0;
			knownRegions = (
				en,
				Base,
			);
			mainGroup = A2ED8B3626721A2A00BDBB5A;
			productRefGroup = A2ED8B4026721A2A00BDBB5A /* Products */;
			projectDirPath = "";
			projectRoot = "";
			targets = (
				A2ED8B3E26721A2A00BDBB5A /* Chat */,
			);
		};
/* End PBXProject section */

/* Begin PBXResourcesBuildPhase section */
		A2ED8B3D26721A2A00BDBB5A /* Resources */ = {
			isa = PBXResourcesBuildPhase;
			buildActionMask = 2147483647;
			files = (
				A2ED8B4F26721A2C00BDBB5A /* LaunchScreen.storyboard in Resources */,
				A25D836726735CA1005BCB29 /* appstore.png in Resources */,
				A2ED8B4C26721A2C00BDBB5A /* Assets.xcassets in Resources */,
				A2ED8B4A26721A2A00BDBB5A /* Main.storyboard in Resources */,
			);
			runOnlyForDeploymentPostprocessing = 0;
		};
/* End PBXResourcesBuildPhase section */

/* Begin PBXSourcesBuildPhase section */
		A2ED8B3B26721A2A00BDBB5A /* Sources */ = {
			isa = PBXSourcesBuildPhase;
			buildActionMask = 2147483647;
			files = (
				A2ACE2B326790F2000E1AB68 /* UIViewController+Extension.swift in Sources */,
				A2ACE2B12679096800E1AB68 /* UIView+Extension.swift in Sources */,
				A2ED8B4726721A2A00BDBB5A /* ChatViewController.swift in Sources */,
				A2EA5BD2267893CE0067AAF9 /* MessageTextView.swift in Sources */,
				A2ED8B5726721DBE00BDBB5A /* CharMessageCell.swift in Sources */,
				A2ED8B4326721A2A00BDBB5A /* AppDelegate.swift in Sources */,
				A25D837126736250005BCB29 /* DateFormmater+Extension.swift in Sources */,
				A25D836D26735EA9005BCB29 /* DateLabelHeader.swift in Sources */,
				A25D836F2673623B005BCB29 /* Date+Extension.swift in Sources */,
				A25D836B26735E7E005BCB29 /* ChatMessage.swift in Sources */,
				A2EA5BD0267893780067AAF9 /* InputMessageBar.swift in Sources */,
				A25D836926735E5C005BCB29 /* Data.swift in Sources */,
			);
			runOnlyForDeploymentPostprocessing = 0;
		};
/* End PBXSourcesBuildPhase section */

/* Begin PBXVariantGroup section */
		A2ED8B4826721A2A00BDBB5A /* Main.storyboard */ = {
			isa = PBXVariantGroup;
			children = (
				A2ED8B4926721A2A00BDBB5A /* Base */,
			);
			name = Main.storyboard;
			sourceTree = "<group>";
		};
		A2ED8B4D26721A2C00BDBB5A /* LaunchScreen.storyboard */ = {
			isa = PBXVariantGroup;
			children = (
				A2ED8B4E26721A2C00BDBB5A /* Base */,
			);
			name = LaunchScreen.storyboard;
			sourceTree = "<group>";
		};
/* End PBXVariantGroup section */

/* Begin XCBuildConfiguration section */
		A2ED8B5126721A2C00BDBB5A /* Debug */ = {
			isa = XCBuildConfiguration;
			buildSettings = {
				ALWAYS_SEARCH_USER_PATHS = NO;
				CLANG_ANALYZER_NONNULL = YES;
				CLANG_ANALYZER_NUMBER_OBJECT_CONVERSION = YES_AGGRESSIVE;
				CLANG_CXX_LANGUAGE_STANDARD = "gnu++14";
				CLANG_CXX_LIBRARY = "libc++";
				CLANG_ENABLE_MODULES = YES;
				CLANG_ENABLE_OBJC_ARC = YES;
				CLANG_ENABLE_OBJC_WEAK = YES;
				CLANG_WARN_BLOCK_CAPTURE_AUTORELEASING = YES;
				CLANG_WARN_BOOL_CONVERSION = YES;
				CLANG_WARN_COMMA = YES;
				CLANG_WARN_CONSTANT_CONVERSION = YES;
				CLANG_WARN_DEPRECATED_OBJC_IMPLEMENTATIONS = YES;
				CLANG_WARN_DIRECT_OBJC_ISA_USAGE = YES_ERROR;
				CLANG_WARN_DOCUMENTATION_COMMENTS = YES;
				CLANG_WARN_EMPTY_BODY = YES;
				CLANG_WARN_ENUM_CONVERSION = YES;
				CLANG_WARN_INFINITE_RECURSION = YES;
				CLANG_WARN_INT_CONVERSION = YES;
				CLANG_WARN_NON_LITERAL_NULL_CONVERSION = YES;
				CLANG_WARN_OBJC_IMPLICIT_RETAIN_SELF = YES;
				CLANG_WARN_OBJC_LITERAL_CONVERSION = YES;
				CLANG_WARN_OBJC_ROOT_CLASS = YES_ERROR;
				CLANG_WARN_QUOTED_INCLUDE_IN_FRAMEWORK_HEADER = YES;
				CLANG_WARN_RANGE_LOOP_ANALYSIS = YES;
				CLANG_WARN_STRICT_PROTOTYPES = YES;
				CLANG_WARN_SUSPICIOUS_MOVE = YES;
				CLANG_WARN_UNGUARDED_AVAILABILITY = YES_AGGRESSIVE;
				CLANG_WARN_UNREACHABLE_CODE = YES;
				CLANG_WARN__DUPLICATE_METHOD_MATCH = YES;
				COPY_PHASE_STRIP = NO;
				DEBUG_INFORMATION_FORMAT = dwarf;
				ENABLE_STRICT_OBJC_MSGSEND = YES;
				ENABLE_TESTABILITY = YES;
				GCC_C_LANGUAGE_STANDARD = gnu11;
				GCC_DYNAMIC_NO_PIC = NO;
				GCC_NO_COMMON_BLOCKS = YES;
				GCC_OPTIMIZATION_LEVEL = 0;
				GCC_PREPROCESSOR_DEFINITIONS = (
					"DEBUG=1",
					"$(inherited)",
				);
				GCC_WARN_64_TO_32_BIT_CONVERSION = YES;
				GCC_WARN_ABOUT_RETURN_TYPE = YES_ERROR;
				GCC_WARN_UNDECLARED_SELECTOR = YES;
				GCC_WARN_UNINITIALIZED_AUTOS = YES_AGGRESSIVE;
				GCC_WARN_UNUSED_FUNCTION = YES;
				GCC_WARN_UNUSED_VARIABLE = YES;
				IPHONEOS_DEPLOYMENT_TARGET = 14.5;
				MTL_ENABLE_DEBUG_INFO = INCLUDE_SOURCE;
				MTL_FAST_MATH = YES;
				ONLY_ACTIVE_ARCH = YES;
				SDKROOT = iphoneos;
				SWIFT_ACTIVE_COMPILATION_CONDITIONS = DEBUG;
				SWIFT_OPTIMIZATION_LEVEL = "-Onone";
			};
			name = Debug;
		};
		A2ED8B5226721A2C00BDBB5A /* Release */ = {
			isa = XCBuildConfiguration;
			buildSettings = {
				ALWAYS_SEARCH_USER_PATHS = NO;
				CLANG_ANALYZER_NONNULL = YES;
				CLANG_ANALYZER_NUMBER_OBJECT_CONVERSION = YES_AGGRESSIVE;
				CLANG_CXX_LANGUAGE_STANDARD = "gnu++14";
				CLANG_CXX_LIBRARY = "libc++";
				CLANG_ENABLE_MODULES = YES;
				CLANG_ENABLE_OBJC_ARC = YES;
				CLANG_ENABLE_OBJC_WEAK = YES;
				CLANG_WARN_BLOCK_CAPTURE_AUTORELEASING = YES;
				CLANG_WARN_BOOL_CONVERSION = YES;
				CLANG_WARN_COMMA = YES;
				CLANG_WARN_CONSTANT_CONVERSION = YES;
				CLANG_WARN_DEPRECATED_OBJC_IMPLEMENTATIONS = YES;
				CLANG_WARN_DIRECT_OBJC_ISA_USAGE = YES_ERROR;
				CLANG_WARN_DOCUMENTATION_COMMENTS = YES;
				CLANG_WARN_EMPTY_BODY = YES;
				CLANG_WARN_ENUM_CONVERSION = YES;
				CLANG_WARN_INFINITE_RECURSION = YES;
				CLANG_WARN_INT_CONVERSION = YES;
				CLANG_WARN_NON_LITERAL_NULL_CONVERSION = YES;
				CLANG_WARN_OBJC_IMPLICIT_RETAIN_SELF = YES;
				CLANG_WARN_OBJC_LITERAL_CONVERSION = YES;
				CLANG_WARN_OBJC_ROOT_CLASS = YES_ERROR;
				CLANG_WARN_QUOTED_INCLUDE_IN_FRAMEWORK_HEADER = YES;
				CLANG_WARN_RANGE_LOOP_ANALYSIS = YES;
				CLANG_WARN_STRICT_PROTOTYPES = YES;
				CLANG_WARN_SUSPICIOUS_MOVE = YES;
				CLANG_WARN_UNGUARDED_AVAILABILITY = YES_AGGRESSIVE;
				CLANG_WARN_UNREACHABLE_CODE = YES;
				CLANG_WARN__DUPLICATE_METHOD_MATCH = YES;
				COPY_PHASE_STRIP = NO;
				DEBUG_INFORMATION_FORMAT = "dwarf-with-dsym";
				ENABLE_NS_ASSERTIONS = NO;
				ENABLE_STRICT_OBJC_MSGSEND = YES;
				GCC_C_LANGUAGE_STANDARD = gnu11;
				GCC_NO_COMMON_BLOCKS = YES;
				GCC_WARN_64_TO_32_BIT_CONVERSION = YES;
				GCC_WARN_ABOUT_RETURN_TYPE = YES_ERROR;
				GCC_WARN_UNDECLARED_SELECTOR = YES;
				GCC_WARN_UNINITIALIZED_AUTOS = YES_AGGRESSIVE;
				GCC_WARN_UNUSED_FUNCTION = YES;
				GCC_WARN_UNUSED_VARIABLE = YES;
				IPHONEOS_DEPLOYMENT_TARGET = 14.5;
				MTL_ENABLE_DEBUG_INFO = NO;
				MTL_FAST_MATH = YES;
				SDKROOT = iphoneos;
				SWIFT_COMPILATION_MODE = wholemodule;
				SWIFT_OPTIMIZATION_LEVEL = "-O";
				VALIDATE_PRODUCT = YES;
			};
			name = Release;
		};
		A2ED8B5426721A2C00BDBB5A /* Debug */ = {
			isa = XCBuildConfiguration;
			buildSettings = {
				ASSETCATALOG_COMPILER_APPICON_NAME = AppIcon;
				ASSETCATALOG_COMPILER_GLOBAL_ACCENT_COLOR_NAME = AccentColor;
				CODE_SIGN_STYLE = Automatic;
				DEVELOPMENT_TEAM = T663N6CXV2;
				INFOPLIST_FILE = Chat/Info.plist;
				LD_RUNPATH_SEARCH_PATHS = (
					"$(inherited)",
					"@executable_path/Frameworks",
				);
				PRODUCT_BUNDLE_IDENTIFIER = "e-system.Chat";
				PRODUCT_NAME = "$(TARGET_NAME)";
				SWIFT_VERSION = 5.0;
				TARGETED_DEVICE_FAMILY = "1,2";
			};
			name = Debug;
		};
		A2ED8B5526721A2C00BDBB5A /* Release */ = {
			isa = XCBuildConfiguration;
			buildSettings = {
				ASSETCATALOG_COMPILER_APPICON_NAME = AppIcon;
				ASSETCATALOG_COMPILER_GLOBAL_ACCENT_COLOR_NAME = AccentColor;
				CODE_SIGN_STYLE = Automatic;
				DEVELOPMENT_TEAM = T663N6CXV2;
				INFOPLIST_FILE = Chat/Info.plist;
				LD_RUNPATH_SEARCH_PATHS = (
					"$(inherited)",
					"@executable_path/Frameworks",
				);
				PRODUCT_BUNDLE_IDENTIFIER = "e-system.Chat";
				PRODUCT_NAME = "$(TARGET_NAME)";
				SWIFT_VERSION = 5.0;
				TARGETED_DEVICE_FAMILY = "1,2";
			};
			name = Release;
		};
/* End XCBuildConfiguration section */

/* Begin XCConfigurationList section */
		A2ED8B3A26721A2A00BDBB5A /* Build configuration list for PBXProject "Chat" */ = {
			isa = XCConfigurationList;
			buildConfigurations = (
				A2ED8B5126721A2C00BDBB5A /* Debug */,
				A2ED8B5226721A2C00BDBB5A /* Release */,
			);
			defaultConfigurationIsVisible = 0;
			defaultConfigurationName = Release;
		};
		A2ED8B5326721A2C00BDBB5A /* Build configuration list for PBXNativeTarget "Chat" */ = {
			isa = XCConfigurationList;
			buildConfigurations = (
				A2ED8B5426721A2C00BDBB5A /* Debug */,
				A2ED8B5526721A2C00BDBB5A /* Release */,
			);
			defaultConfigurationIsVisible = 0;
			defaultConfigurationName = Release;
		};
/* End XCConfigurationList section */
	};
	rootObject = A2ED8B3726721A2A00BDBB5A /* Project object */;
}
